
Microsoft Visual Studio Solution File, Format Version 12.00
# Visual Studio Version 17
VisualStudioVersion = 17.13.35825.156 d17.13
MinimumVisualStudioVersion = 10.0.40219.1
Project("{8BC9CEB8-8B4A-11D0-8D11-00A0C91BC942}") = "ECWConverter", "ECWConverter.vcxproj", "{1E70CA0A-258F-4BB0-BA15-0BEE05C8AADE}"
EndProject
Global
	GlobalSection(SolutionConfigurationPlatforms) = preSolution
		Debug|x64 = Debug|x64
		Debug|x86 = Debug|x86
		Release|x64 = Release|x64
		Release|x86 = Release|x86
	EndGlobalSection
	GlobalSection(ProjectConfigurationPlatforms) = postSolution
		{1E70CA0A-258F-4BB0-BA15-0BEE05C8AADE}.Debug|x64.ActiveCfg = Debug|x64
		{1E70CA0A-258F-4BB0-BA15-0BEE05C8AADE}.Debug|x64.Build.0 = Debug|x64
		{1E70CA0A-258F-4BB0-BA15-0BEE05C8AADE}.Debug|x86.ActiveCfg = Debug|Win32
		{1E70CA0A-258F-4BB0-BA15-0BEE05C8AADE}.Debug|x86.Build.0 = Debug|Win32
		{1E70CA0A-258F-4BB0-BA15-0BEE05C8AADE}.Release|x64.ActiveCfg = Release|x64
		{1E70CA0A-258F-4BB0-BA15-0BEE05C8AADE}.Release|x64.Build.0 = Release|x64
		{1E70CA0A-258F-4BB0-BA15-0BEE05C8AADE}.Release|x86.ActiveCfg = Release|Win32
		{1E70CA0A-258F-4BB0-BA15-0BEE05C8AADE}.Release|x86.Build.0 = Release|Win32
	EndGlobalSection
	GlobalSection(SolutionProperties) = preSolution
		HideSolutionNode = FALSE
	EndGlobalSection
	GlobalSection(ExtensibilityGlobals) = postSolution
		SolutionGuid = {08FFAAD7-D68D-42B6-99A8-DC266060D5C4}
	EndGlobalSection
EndGlobal
